
Microsoft Visual Studio Solution File, Format Version 12.00
# Visual Studio Version 16
VisualStudioVersion = 16.0.31025.194
MinimumVisualStudioVersion = 10.0.40219.1
Project("{9A19103F-16F7-4668-BE54-9A1E7A4F7556}") = "Games", "Games\Games.csproj", "{DD45EAD7-1916-4718-99C4-DD6ACE57C22D}"
EndProject
Global
	GlobalSection(SolutionConfigurationPlatforms) = preSolution
		Debug|Any CPU = Debug|Any CPU
		Release|Any CPU = Release|Any CPU
	EndGlobalSection
	GlobalSection(ProjectConfigurationPlatforms) = postSolution
		{DD45EAD7-1916-4718-99C4-DD6ACE57C22D}.Debug|Any CPU.ActiveCfg = Debug|Any CPU
		{DD45EAD7-1916-4718-99C4-DD6ACE57C22D}.Debug|Any CPU.Build.0 = Debug|Any CPU
		{DD45EAD7-1916-4718-99C4-DD6ACE57C22D}.Release|Any CPU.ActiveCfg = Release|Any CPU
		{DD45EAD7-1916-4718-99C4-DD6ACE57C22D}.Release|Any CPU.Build.0 = Release|Any CPU
	EndGlobalSection
	GlobalSection(SolutionProperties) = preSolution
		HideSolutionNode = FALSE
	EndGlobalSection
	GlobalSection(ExtensibilityGlobals) = postSolution
		SolutionGuid = {14BCA60E-7928-461F-81AE-7169FC8BEB42}
	EndGlobalSection
EndGlobal
